
Microsoft Visual Studio Solution File, Format Version 12.00
# Visual Studio Version 16
VisualStudioVersion = 16.0.30330.147
MinimumVisualStudioVersion = 10.0.40219.1
Project("{9A19103F-16F7-4668-BE54-9A1E7A4F7556}") = "RequesterNetLib", "RequesterNet\RequesterNetLib.csproj", "{AAD08D87-58C8-4628-AB8D-9CD2907B83BD}"
EndProject
Project("{FAE04EC0-301F-11D3-BF4B-00C04F79EFBC}") = "RequesterNetLib.Test", "RequesterNetLib.Test\RequesterNetLib.Test.csproj", "{9ACA36BA-5A63-487E-A582-449F0DCCEA71}"
EndProject
Global
	GlobalSection(SolutionConfigurationPlatforms) = preSolution
		Debug|Any CPU = Debug|Any CPU
		Release|Any CPU = Release|Any CPU
	EndGlobalSection
	GlobalSection(ProjectConfigurationPlatforms) = postSolution
		{AAD08D87-58C8-4628-AB8D-9CD2907B83BD}.Debug|Any CPU.ActiveCfg = Debug|Any CPU
		{AAD08D87-58C8-4628-AB8D-9CD2907B83BD}.Debug|Any CPU.Build.0 = Debug|Any CPU
		{AAD08D87-58C8-4628-AB8D-9CD2907B83BD}.Release|Any CPU.ActiveCfg = Release|Any CPU
		{AAD08D87-58C8-4628-AB8D-9CD2907B83BD}.Release|Any CPU.Build.0 = Release|Any CPU
		{9ACA36BA-5A63-487E-A582-449F0DCCEA71}.Debug|Any CPU.ActiveCfg = Debug|Any CPU
		{9ACA36BA-5A63-487E-A582-449F0DCCEA71}.Debug|Any CPU.Build.0 = Debug|Any CPU
		{9ACA36BA-5A63-487E-A582-449F0DCCEA71}.Release|Any CPU.ActiveCfg = Release|Any CPU
		{9ACA36BA-5A63-487E-A582-449F0DCCEA71}.Release|Any CPU.Build.0 = Release|Any CPU
	EndGlobalSection
	GlobalSection(SolutionProperties) = preSolution
		HideSolutionNode = FALSE
	EndGlobalSection
	GlobalSection(ExtensibilityGlobals) = postSolution
		SolutionGuid = {74918D68-8C80-49CF-9442-043951A9D8C6}
	EndGlobalSection
EndGlobal
